
Microsoft Visual Studio Solution File, Format Version 12.00
# Visual Studio Version 16
VisualStudioVersion = 25.0.1703.8
MinimumVisualStudioVersion = 10.0.40219.1
Project("{FAE04EC0-301F-11D3-BF4B-00C04F79EFBC}") = "Pronia", "Pronia\Pronia.csproj", "{0031AB1C-90A1-4D65-848D-F73D5CD9E0CC}"
EndProject
Global
	GlobalSection(SolutionConfigurationPlatforms) = preSolution
		Debug|Any CPU = Debug|Any CPU
		Release|Any CPU = Release|Any CPU
	EndGlobalSection
	GlobalSection(ProjectConfigurationPlatforms) = postSolution
		{0031AB1C-90A1-4D65-848D-F73D5CD9E0CC}.Debug|Any CPU.ActiveCfg = Debug|Any CPU
		{0031AB1C-90A1-4D65-848D-F73D5CD9E0CC}.Debug|Any CPU.Build.0 = Debug|Any CPU
		{0031AB1C-90A1-4D65-848D-F73D5CD9E0CC}.Release|Any CPU.ActiveCfg = Release|Any CPU
		{0031AB1C-90A1-4D65-848D-F73D5CD9E0CC}.Release|Any CPU.Build.0 = Release|Any CPU
	EndGlobalSection
	GlobalSection(SolutionProperties) = preSolution
		HideSolutionNode = FALSE
	EndGlobalSection
	GlobalSection(ExtensibilityGlobals) = postSolution
		SolutionGuid = {54B90D60-5CF8-4F86-B325-1B9D464B10EC}
	EndGlobalSection
EndGlobal
